{
  "name": "message_passing",
  "version": "1.0.0",
  "lockfileVersion": 1,
  "requires": true,
  "dependencies": {
    "@types/node": {
      "version": "11.13.4",
      "resolved": "https://registry.npmjs.org/@types/node/-/node-11.13.4.tgz",
      "integrity": "sha512-+rabAZZ3Yn7tF/XPGHupKIL5EcAbrLxnTr/hgQICxbeuAfWtT0UZSfULE+ndusckBItcv4o6ZeOJplQikVcLvQ=="
    },
    "@types/redis": {
      "version": "2.8.12",
      "resolved": "https://registry.npmjs.org/@types/redis/-/redis-2.8.12.tgz",
      "integrity": "sha512-eT5cGYr08OnF6OlAHdc2hVOBAKBpfQQNQHsWEvUwRPFiXRd+vv+hOHSSIo4xB7M5vZOZdjMT2OUlXYqo3YlIGQ==",
      "requires": {
        "@types/node": "*"
      }
    },
    "bluebird": {
      "version": "3.5.4",
      "resolved": "https://registry.npmjs.org/bluebird/-/bluebird-3.5.4.tgz",
      "integrity": "sha512-FG+nFEZChJrbQ9tIccIfZJBz3J7mLrAhxakAbnrJWn8d7aKOC+LWifa0G+p4ZqKp4y13T7juYvdhq9NzKdsrjw=="
    },
    "double-ended-queue": {
      "version": "2.1.0-0",
      "resolved": "https://registry.npmjs.org/double-ended-queue/-/double-ended-queue-2.1.0-0.tgz",
      "integrity": "sha1-ED01J/0xUo9AGIEwyEHv3XgmTlw="
    },
    "lodash": {
      "version": "4.17.11",
      "resolved": "https://registry.npmjs.org/lodash/-/lodash-4.17.11.tgz",
      "integrity": "sha512-cQKh8igo5QUhZ7lg38DYWAxMvjSAKG0A8wGSVimP07SIUEK2UO+arSRKbRZWtelMtN5V0Hkwh5ryOto/SshYIg=="
    },
    "redis": {
      "version": "2.8.0",
      "resolved": "https://registry.npmjs.org/redis/-/redis-2.8.0.tgz",
      "integrity": "sha512-M1OkonEQwtRmZv4tEWF2VgpG0JWJ8Fv1PhlgT5+B+uNq2cA3Rt1Yt/ryoR+vQNOQcIEgdCdfH0jr3bDpihAw1A==",
      "requires": {
        "double-ended-queue": "^2.1.0-0",
        "redis-commands": "^1.2.0",
        "redis-parser": "^2.6.0"
      }
    },
    "redis-commands": {
      "version": "1.4.0",
      "resolved": "https://registry.npmjs.org/redis-commands/-/redis-commands-1.4.0.tgz",
      "integrity": "sha512-cu8EF+MtkwI4DLIT0x9P8qNTLFhQD4jLfxLR0cCNkeGzs87FN6879JOJwNQR/1zD7aSYNbU0hgsV9zGY71Itvw=="
    },
    "redis-parser": {
      "version": "2.6.0",
      "resolved": "https://registry.npmjs.org/redis-parser/-/redis-parser-2.6.0.tgz",
      "integrity": "sha1-Uu0J2srBCPGmMcB+m2mUHnoZUEs="
    },
    "rsmq": {
      "version": "0.9.3",
      "resolved": "https://registry.npmjs.org/rsmq/-/rsmq-0.9.3.tgz",
      "integrity": "sha512-Gf0dRJ+CkzGqrZ81TRok+YOtFOJdiX9bqvz28pT0ythA5gTkMxDrFWEuj937Ogd+fpWpnu+2Yc2ro/kr7tpPTg==",
      "requires": {
        "@types/redis": "^2.8.0",
        "lodash": "^4.17.10",
        "redis": "^2.8.0"
      }
    },
    "rsmq-promise": {
      "version": "1.0.3",
      "resolved": "https://registry.npmjs.org/rsmq-promise/-/rsmq-promise-1.0.3.tgz",
      "integrity": "sha512-HWNQ5msSfUCM+Ku4iDutOY1IATGTV6lilYaIUVC1PS64pQyBPMKdwcUpPYO9l9z2E/X3KCBfxBu6qZyfWTHdBw==",
      "requires": {
        "bluebird": "^3.5.3",
        "rsmq": "^0.9.3"
      }
    }
  }
}
